<?xml version="1.0" encoding="utf-8"?>
<Project ToolsVersion="4.0" xmlns="http://schemas.microsoft.com/developer/msbuild/2003">
  <ItemGroup>
    <Filter Include="Source Files">
      <UniqueIdentifier>{4FC737F1-C7A5-4376-A066-2A32D752A2FF}</UniqueIdentifier>
      <Extensions>cpp;c;cc;cxx;def;odl;idl;hpj;bat;asm;asmx</Extensions>
    </Filter>
    <Filter Include="Header Files">
      <UniqueIdentifier>{93995380-89BD-4b04-88EB-625FBE52EBFB}</UniqueIdentifier>
      <Extensions>h;hh;hpp;hxx;hm;inl;inc;ipp;xsd</Extensions>
    </Filter>
    <Filter Include="Resource Files">
      <UniqueIdentifier>{67DA6AB6-F800-4c08-8B7A-83BB121AAD01}</UniqueIdentifier>
      <Extensions>rc;ico;cur;bmp;dlg;rc2;rct;bin;rgs;gif;jpg;jpeg;jpe;resx;tiff;tif;png;wav;mfcribbon-ms</Extensions>
    </Filter>
    <Filter Include="Source Files\fido2">
      <UniqueIdentifier>{c1de4364-492d-4eba-b0a6-eb5b6396be19}</UniqueIdentifier>
    </Filter>
    <Filter Include="Header Files\bio">
      <UniqueIdentifier>{949a5193-4dc4-4600-867e-f2f2d124d89a}</UniqueIdentifier>
    </Filter>
    <Filter Include="Header Files\fido2">
      <UniqueIdentifier>{eafb414f-50b8-4db3-8d09-1352e206d3f5}</UniqueIdentifier>
    </Filter>
    <Filter Include="Source Files\bio">
      <UniqueIdentifier>{f0e1b83f-5b8d-47a1-aa98-286b021227d3}</UniqueIdentifier>
    </Filter>
    <Filter Include="Header Files\json">
      <UniqueIdentifier>{4a5bc71b-6ea4-4539-8987-0e688c8cc66e}</UniqueIdentifier>
    </Filter>
    <Filter Include="Source Files\json">
      <UniqueIdentifier>{6c02dab4-fde0-4b9c-a699-6ecf59ef8ebe}</UniqueIdentifier>
    </Filter>
    <Filter Include="lib64">
      <UniqueIdentifier>{5b7d7c39-0a0b-407c-8cfb-12af0fa336ed}</UniqueIdentifier>
    </Filter>
    <Filter Include="Resource Files\Runtime">
      <UniqueIdentifier>{5a1314c1-41b0-4dd6-9713-b5ebc96738ad}</UniqueIdentifier>
    </Filter>
  </ItemGroup>
  <ItemGroup>
    <ClCompile Include="src\bio\BioEnroll.cpp">
      <Filter>Source Files\bio</Filter>
    </ClCompile>
    <ClCompile Include="src\bio\BioVerify.cpp">
      <Filter>Source Files\bio</Filter>
    </ClCompile>
    <ClCompile Include="src\bio\FileWriter.cpp">
      <Filter>Source Files\bio</Filter>
    </ClCompile>
    <ClCompile Include="src\bio\Utils.cpp">
      <Filter>Source Files\bio</Filter>
    </ClCompile>
    <ClCompile Include="src\bio\WebAuthnTest.cpp">
      <Filter>Source Files\bio</Filter>
    </ClCompile>
    <ClCompile Include="src\bio\WebConnection.cpp">
      <Filter>Source Files\bio</Filter>
    </ClCompile>
    <ClCompile Include="src\fido2\Base64Utils.cpp">
      <Filter>Source Files\fido2</Filter>
    </ClCompile>
    <ClCompile Include="src\fido2\cbor.c">
      <Filter>Source Files\fido2</Filter>
    </ClCompile>
    <ClCompile Include="src\fido2\cred.c">
      <Filter>Source Files\fido2</Filter>
    </ClCompile>
    <ClCompile Include="src\fido2\FidoLogger.cpp">
      <Filter>Source Files\fido2</Filter>
    </ClCompile>
    <ClCompile Include="src\fido2\register.cpp">
      <Filter>Source Files\fido2</Filter>
    </ClCompile>
    <ClCompile Include="src\json\json.c">
      <Filter>Source Files\json</Filter>
    </ClCompile>
  </ItemGroup>
  <ItemGroup>
    <ClInclude Include="src\include\bio\BioDelete.h">
      <Filter>Header Files\bio</Filter>
    </ClInclude>
    <ClInclude Include="src\include\bio\BioEnroll.h">
      <Filter>Header Files\bio</Filter>
    </ClInclude>
    <ClInclude Include="src\include\bio\BioVerify.h">
      <Filter>Header Files\bio</Filter>
    </ClInclude>
    <ClInclude Include="src\include\bio\FileWriter.h">
      <Filter>Header Files\bio</Filter>
    </ClInclude>
    <ClInclude Include="src\include\bio\Utils.h">
      <Filter>Header Files\bio</Filter>
    </ClInclude>
    <ClInclude Include="src\include\bio\webauthn.h">
      <Filter>Header Files\bio</Filter>
    </ClInclude>
    <ClInclude Include="src\include\bio\WebConnection.h">
      <Filter>Header Files\bio</Filter>
    </ClInclude>
    <ClInclude Include="src\include\fido2\Base64Utils.h">
      <Filter>Header Files\fido2</Filter>
    </ClInclude>
    <ClInclude Include="src\include\fido2\blob.h">
      <Filter>Header Files\fido2</Filter>
    </ClInclude>
    <ClInclude Include="src\include\fido2\cbor.h">
      <Filter>Header Files\fido2</Filter>
    </ClInclude>
    <ClInclude Include="src\include\fido2\extern.h">
      <Filter>Header Files\fido2</Filter>
    </ClInclude>
    <ClInclude Include="src\include\fido2\fido.h">
      <Filter>Header Files\fido2</Filter>
    </ClInclude>
    <ClInclude Include="src\include\fido2\FidoLogger.h">
      <Filter>Header Files\fido2</Filter>
    </ClInclude>
    <ClInclude Include="src\include\fido2\iso7816.h">
      <Filter>Header Files\fido2</Filter>
    </ClInclude>
    <ClInclude Include="src\include\fido2\packed.h">
      <Filter>Header Files\fido2</Filter>
    </ClInclude>
    <ClInclude Include="src\include\fido2\tls.h">
      <Filter>Header Files\fido2</Filter>
    </ClInclude>
    <ClInclude Include="src\include\fido2\types.h">
      <Filter>Header Files\fido2</Filter>
    </ClInclude>
    <ClInclude Include="src\include\json\json.h">
      <Filter>Header Files\json</Filter>
    </ClInclude>
    <ClInclude Include="src\include\fido2\register.h">
      <Filter>Header Files\fido2</Filter>
    </ClInclude>
  </ItemGroup>
  <ItemGroup>
    <Library Include="lib\cbor.lib">
      <Filter>lib64</Filter>
    </Library>
    <Library Include="lib\crypto-45.lib">
      <Filter>lib64</Filter>
    </Library>
    <Library Include="lib\fido2.lib">
      <Filter>lib64</Filter>
    </Library>
    <Library Include="lib\fido2_static.lib">
      <Filter>lib64</Filter>
    </Library>
    <Library Include="lib\ssl-47.lib">
      <Filter>lib64</Filter>
    </Library>
    <Library Include="lib\tls-19.lib">
      <Filter>lib64</Filter>
    </Library>
  </ItemGroup>
  <ItemGroup>
    <None Include="runtime\cbor.dll">
      <Filter>Resource Files\Runtime</Filter>
    </None>
    <None Include="runtime\cbor.pdb">
      <Filter>Resource Files\Runtime</Filter>
    </None>
    <None Include="runtime\crypto-45.dll">
      <Filter>Resource Files\Runtime</Filter>
    </None>
    <None Include="runtime\crypto-45.pdb">
      <Filter>Resource Files\Runtime</Filter>
    </None>
    <None Include="runtime\fido2.dll">
      <Filter>Resource Files\Runtime</Filter>
    </None>
    <None Include="runtime\fido2.pdb">
      <Filter>Resource Files\Runtime</Filter>
    </None>
  </ItemGroup>
</Project>