<?xml version="1.0" encoding="utf-8"?>
<Project ToolsVersion="4.0" xmlns="http://schemas.microsoft.com/developer/msbuild/2003">
  <ItemGroup>
    <Filter Include="Source Files">
      <UniqueIdentifier>{4FC737F1-C7A5-4376-A066-2A32D752A2FF}</UniqueIdentifier>
      <Extensions>cpp;c;cc;cxx;def;odl;idl;hpj;bat;asm;asmx</Extensions>
    </Filter>
    <Filter Include="Header Files">
      <UniqueIdentifier>{93995380-89BD-4b04-88EB-625FBE52EBFB}</UniqueIdentifier>
      <Extensions>h;hh;hpp;hxx;hm;inl;inc;ipp;xsd</Extensions>
    </Filter>
    <Filter Include="Resource Files">
      <UniqueIdentifier>{67DA6AB6-F800-4c08-8B7A-83BB121AAD01}</UniqueIdentifier>
      <Extensions>rc;ico;cur;bmp;dlg;rc2;rct;bin;rgs;gif;jpg;jpeg;jpe;resx;tiff;tif;png;wav;mfcribbon-ms</Extensions>
    </Filter>
    <Filter Include="Header Files\cbor">
      <UniqueIdentifier>{899b46b6-f9f0-4a78-8b9f-fcdf397dc74a}</UniqueIdentifier>
    </Filter>
    <Filter Include="Header Files\cbor\internal">
      <UniqueIdentifier>{beffcc9c-1602-4559-94b0-8d0971994044}</UniqueIdentifier>
    </Filter>
    <Filter Include="Source Files\cbor">
      <UniqueIdentifier>{8b205dbf-2ec1-4762-a3c9-851eccb633c6}</UniqueIdentifier>
    </Filter>
    <Filter Include="Source Files\cbor\internal">
      <UniqueIdentifier>{9b53ee71-3786-4caa-ae77-aa363e03e807}</UniqueIdentifier>
    </Filter>
  </ItemGroup>
  <ItemGroup>
    <ClInclude Include="src\cbor\arrays.h">
      <Filter>Header Files\cbor</Filter>
    </ClInclude>
    <ClInclude Include="src\cbor\bytestrings.h">
      <Filter>Header Files\cbor</Filter>
    </ClInclude>
    <ClInclude Include="src\cbor\callbacks.h">
      <Filter>Header Files\cbor</Filter>
    </ClInclude>
    <ClInclude Include="src\cbor\common.h">
      <Filter>Header Files\cbor</Filter>
    </ClInclude>
    <ClInclude Include="src\cbor\configuration.h">
      <Filter>Header Files\cbor</Filter>
    </ClInclude>
    <ClInclude Include="src\cbor\data.h">
      <Filter>Header Files\cbor</Filter>
    </ClInclude>
    <ClInclude Include="src\cbor\encoding.h">
      <Filter>Header Files\cbor</Filter>
    </ClInclude>
    <ClInclude Include="src\cbor\floats_ctrls.h">
      <Filter>Header Files\cbor</Filter>
    </ClInclude>
    <ClInclude Include="src\cbor\ints.h">
      <Filter>Header Files\cbor</Filter>
    </ClInclude>
    <ClInclude Include="src\cbor\maps.h">
      <Filter>Header Files\cbor</Filter>
    </ClInclude>
    <ClInclude Include="src\cbor\serialization.h">
      <Filter>Header Files\cbor</Filter>
    </ClInclude>
    <ClInclude Include="src\cbor\streaming.h">
      <Filter>Header Files\cbor</Filter>
    </ClInclude>
    <ClInclude Include="src\cbor\strings.h">
      <Filter>Header Files\cbor</Filter>
    </ClInclude>
    <ClInclude Include="src\cbor\tags.h">
      <Filter>Header Files\cbor</Filter>
    </ClInclude>
    <ClInclude Include="src\cbor\internal\builder_callbacks.h">
      <Filter>Header Files\cbor\internal</Filter>
    </ClInclude>
    <ClInclude Include="src\cbor\internal\encoders.h">
      <Filter>Header Files\cbor\internal</Filter>
    </ClInclude>
    <ClInclude Include="src\cbor\internal\loaders.h">
      <Filter>Header Files\cbor\internal</Filter>
    </ClInclude>
    <ClInclude Include="src\cbor\internal\memory_utils.h">
      <Filter>Header Files\cbor\internal</Filter>
    </ClInclude>
    <ClInclude Include="src\cbor\internal\stack.h">
      <Filter>Header Files\cbor\internal</Filter>
    </ClInclude>
    <ClInclude Include="src\cbor\internal\unicode.h">
      <Filter>Header Files\cbor\internal</Filter>
    </ClInclude>
    <ClInclude Include="src\cbor.h">
      <Filter>Header Files</Filter>
    </ClInclude>
  </ItemGroup>
  <ItemGroup>
    <ClCompile Include="src\cbor\internal\builder_callbacks.c">
      <Filter>Source Files\cbor\internal</Filter>
    </ClCompile>
    <ClCompile Include="src\cbor\internal\encoders.c">
      <Filter>Source Files\cbor\internal</Filter>
    </ClCompile>
    <ClCompile Include="src\cbor\internal\loaders.c">
      <Filter>Source Files\cbor\internal</Filter>
    </ClCompile>
    <ClCompile Include="src\cbor\internal\memory_utils.c">
      <Filter>Source Files\cbor\internal</Filter>
    </ClCompile>
    <ClCompile Include="src\cbor\internal\stack.c">
      <Filter>Source Files\cbor\internal</Filter>
    </ClCompile>
    <ClCompile Include="src\cbor\internal\unicode.c">
      <Filter>Source Files\cbor\internal</Filter>
    </ClCompile>
    <ClCompile Include="src\cbor\arrays.c">
      <Filter>Source Files\cbor</Filter>
    </ClCompile>
    <ClCompile Include="src\cbor\bytestrings.c">
      <Filter>Source Files\cbor</Filter>
    </ClCompile>
    <ClCompile Include="src\cbor\callbacks.c">
      <Filter>Source Files\cbor</Filter>
    </ClCompile>
    <ClCompile Include="src\cbor\common.c">
      <Filter>Source Files\cbor</Filter>
    </ClCompile>
    <ClCompile Include="src\cbor\encoding.c">
      <Filter>Source Files\cbor</Filter>
    </ClCompile>
    <ClCompile Include="src\cbor\floats_ctrls.c">
      <Filter>Source Files\cbor</Filter>
    </ClCompile>
    <ClCompile Include="src\cbor\ints.c">
      <Filter>Source Files\cbor</Filter>
    </ClCompile>
    <ClCompile Include="src\cbor\maps.c">
      <Filter>Source Files\cbor</Filter>
    </ClCompile>
    <ClCompile Include="src\cbor\serialization.c">
      <Filter>Source Files\cbor</Filter>
    </ClCompile>
    <ClCompile Include="src\cbor\streaming.c">
      <Filter>Source Files\cbor</Filter>
    </ClCompile>
    <ClCompile Include="src\cbor\strings.c">
      <Filter>Source Files\cbor</Filter>
    </ClCompile>
    <ClCompile Include="src\cbor\tags.c">
      <Filter>Source Files\cbor</Filter>
    </ClCompile>
    <ClCompile Include="src\allocators.c">
      <Filter>Source Files</Filter>
    </ClCompile>
    <ClCompile Include="src\cbor.c">
      <Filter>Source Files</Filter>
    </ClCompile>
  </ItemGroup>
</Project>